
Microsoft Visual Studio Solution File, Format Version 12.00
# Visual Studio 2012
Project("{FAE04EC0-301F-11D3-BF4B-00C04F79EFBC}") = "ZBarBindings", "ZBarBindings\ZBarBindings.csproj", "{F53E46F7-753D-4D5E-BFC2-7C55DA6C662E}"
EndProject
Global
	GlobalSection(SolutionConfigurationPlatforms) = preSolution
		Debug|Any CPU = Debug|Any CPU
		Release|Any CPU = Release|Any CPU
	EndGlobalSection
	GlobalSection(ProjectConfigurationPlatforms) = postSolution
		{F53E46F7-753D-4D5E-BFC2-7C55DA6C662E}.Debug|Any CPU.ActiveCfg = Debug|Any CPU
		{F53E46F7-753D-4D5E-BFC2-7C55DA6C662E}.Debug|Any CPU.Build.0 = Debug|Any CPU
		{F53E46F7-753D-4D5E-BFC2-7C55DA6C662E}.Release|Any CPU.ActiveCfg = Release|Any CPU
		{F53E46F7-753D-4D5E-BFC2-7C55DA6C662E}.Release|Any CPU.Build.0 = Release|Any CPU
	EndGlobalSection
EndGlobal
